
Microsoft Visual Studio Solution File, Format Version 12.00
# Visual Studio Version 17
VisualStudioVersion = 17.11.35431.28
MinimumVisualStudioVersion = 10.0.40219.1
Project("{FAE04EC0-301F-11D3-BF4B-00C04F79EFBC}") = "Task.3.2.4", "Task.3.2.4\Task.3.2.4.csproj", "{41AB396C-C4F0-4F15-92CA-5EE2C5D2683A}"
EndProject
Project("{FAE04EC0-301F-11D3-BF4B-00C04F79EFBC}") = "Task.3.2.8", "Task.3.2.8\Task.3.2.8.csproj", "{8F1177D1-C6BE-436D-A3DC-B96711BE6CF3}"
EndProject
Global
	GlobalSection(SolutionConfigurationPlatforms) = preSolution
		Debug|Any CPU = Debug|Any CPU
		Release|Any CPU = Release|Any CPU
	EndGlobalSection
	GlobalSection(ProjectConfigurationPlatforms) = postSolution
		{41AB396C-C4F0-4F15-92CA-5EE2C5D2683A}.Debug|Any CPU.ActiveCfg = Debug|Any CPU
		{41AB396C-C4F0-4F15-92CA-5EE2C5D2683A}.Debug|Any CPU.Build.0 = Debug|Any CPU
		{41AB396C-C4F0-4F15-92CA-5EE2C5D2683A}.Release|Any CPU.ActiveCfg = Release|Any CPU
		{41AB396C-C4F0-4F15-92CA-5EE2C5D2683A}.Release|Any CPU.Build.0 = Release|Any CPU
		{8F1177D1-C6BE-436D-A3DC-B96711BE6CF3}.Debug|Any CPU.ActiveCfg = Debug|Any CPU
		{8F1177D1-C6BE-436D-A3DC-B96711BE6CF3}.Debug|Any CPU.Build.0 = Debug|Any CPU
		{8F1177D1-C6BE-436D-A3DC-B96711BE6CF3}.Release|Any CPU.ActiveCfg = Release|Any CPU
		{8F1177D1-C6BE-436D-A3DC-B96711BE6CF3}.Release|Any CPU.Build.0 = Release|Any CPU
	EndGlobalSection
	GlobalSection(SolutionProperties) = preSolution
		HideSolutionNode = FALSE
	EndGlobalSection
	GlobalSection(ExtensibilityGlobals) = postSolution
		SolutionGuid = {865C641E-4EA7-4FDD-8F82-3C85656A23B1}
	EndGlobalSection
EndGlobal
